
Microsoft Visual Studio Solution File, Format Version 12.00
# Visual Studio Version 16
VisualStudioVersion = 16.0.31229.75
MinimumVisualStudioVersion = 10.0.40219.1
Project("{FAE04EC0-301F-11D3-BF4B-00C04F79EFBC}") = "Assignment3", "Assignment3\Assignment3.csproj", "{A867723E-D09A-434F-95C5-43B10905E5C9}"
EndProject
Global
	GlobalSection(SolutionConfigurationPlatforms) = preSolution
		Debug|Any CPU = Debug|Any CPU
		Release|Any CPU = Release|Any CPU
	EndGlobalSection
	GlobalSection(ProjectConfigurationPlatforms) = postSolution
		{A867723E-D09A-434F-95C5-43B10905E5C9}.Debug|Any CPU.ActiveCfg = Debug|Any CPU
		{A867723E-D09A-434F-95C5-43B10905E5C9}.Debug|Any CPU.Build.0 = Debug|Any CPU
		{A867723E-D09A-434F-95C5-43B10905E5C9}.Release|Any CPU.ActiveCfg = Release|Any CPU
		{A867723E-D09A-434F-95C5-43B10905E5C9}.Release|Any CPU.Build.0 = Release|Any CPU
	EndGlobalSection
	GlobalSection(SolutionProperties) = preSolution
		HideSolutionNode = FALSE
	EndGlobalSection
	GlobalSection(ExtensibilityGlobals) = postSolution
		SolutionGuid = {0DC9422E-9A26-4B35-B9D8-6BA731C4C079}
	EndGlobalSection
EndGlobal
