
Microsoft Visual Studio Solution File, Format Version 12.00
# Visual Studio Version 16
VisualStudioVersion = 16.0.31229.75
MinimumVisualStudioVersion = 10.0.40219.1
Project("{FAE04EC0-301F-11D3-BF4B-00C04F79EFBC}") = "WpfApp1", "WpfApp1\WpfApp1.csproj", "{BCA7EADA-0533-456F-B824-6864127F0683}"
EndProject
Global
	GlobalSection(SolutionConfigurationPlatforms) = preSolution
		Debug|Any CPU = Debug|Any CPU
		Release|Any CPU = Release|Any CPU
	EndGlobalSection
	GlobalSection(ProjectConfigurationPlatforms) = postSolution
		{BCA7EADA-0533-456F-B824-6864127F0683}.Debug|Any CPU.ActiveCfg = Debug|Any CPU
		{BCA7EADA-0533-456F-B824-6864127F0683}.Debug|Any CPU.Build.0 = Debug|Any CPU
		{BCA7EADA-0533-456F-B824-6864127F0683}.Release|Any CPU.ActiveCfg = Release|Any CPU
		{BCA7EADA-0533-456F-B824-6864127F0683}.Release|Any CPU.Build.0 = Release|Any CPU
	EndGlobalSection
	GlobalSection(SolutionProperties) = preSolution
		HideSolutionNode = FALSE
	EndGlobalSection
	GlobalSection(ExtensibilityGlobals) = postSolution
		SolutionGuid = {8109C3AB-6964-4482-B6F4-546DF85E6915}
	EndGlobalSection
EndGlobal
